
Microsoft Visual Studio Solution File, Format Version 12.00
Project("{FAE04EC0-301F-11D3-BF4B-00C04F79EFBC}") = "Hipage.Web.Lead", "src\Hipage.Web.Lead\Hipage.Web.Lead.csproj", "{AA72499A-8BC2-45AC-B1A1-023E3D854FB1}"
EndProject
Project("{FAE04EC0-301F-11D3-BF4B-00C04F79EFBC}") = "Hipage.Api.Lead", "src\Hipage.Api.Lead\Hipage.Api.Lead.csproj", "{4E347729-A2F7-41BE-9A12-F7AD2E9F5F46}"
EndProject
Global
	GlobalSection(SolutionConfigurationPlatforms) = preSolution
		Debug|Any CPU = Debug|Any CPU
		Release|Any CPU = Release|Any CPU
	EndGlobalSection
	GlobalSection(ProjectConfigurationPlatforms) = postSolution
		{AA72499A-8BC2-45AC-B1A1-023E3D854FB1}.Debug|Any CPU.ActiveCfg = Debug|Any CPU
		{AA72499A-8BC2-45AC-B1A1-023E3D854FB1}.Debug|Any CPU.Build.0 = Debug|Any CPU
		{AA72499A-8BC2-45AC-B1A1-023E3D854FB1}.Release|Any CPU.ActiveCfg = Release|Any CPU
		{AA72499A-8BC2-45AC-B1A1-023E3D854FB1}.Release|Any CPU.Build.0 = Release|Any CPU
		{4E347729-A2F7-41BE-9A12-F7AD2E9F5F46}.Debug|Any CPU.ActiveCfg = Debug|Any CPU
		{4E347729-A2F7-41BE-9A12-F7AD2E9F5F46}.Debug|Any CPU.Build.0 = Debug|Any CPU
		{4E347729-A2F7-41BE-9A12-F7AD2E9F5F46}.Release|Any CPU.ActiveCfg = Release|Any CPU
		{4E347729-A2F7-41BE-9A12-F7AD2E9F5F46}.Release|Any CPU.Build.0 = Release|Any CPU
	EndGlobalSection
	GlobalSection(NestedProjects) = preSolution
	EndGlobalSection
EndGlobal
